
Microsoft Visual Studio Solution File, Format Version 12.00
# Visual Studio Version 17
VisualStudioVersion = 17.5.2.0
MinimumVisualStudioVersion = 10.0.40219.1
Project("{2150E333-8FDC-42A3-9474-1A3956D46DE8}") = "BusinessDays", "BusinessDays", "{31493F9B-A1B0-4172-8317-9AF4F180A702}"
EndProject
Project("{FAE04EC0-301F-11D3-BF4B-00C04F79EFBC}") = "BizDayCalc", "BusinessDays\BizDayCalc\BizDayCalc.csproj", "{6842B5B3-26B8-453C-8D6F-FA3A674B5829}"
EndProject
Project("{FAE04EC0-301F-11D3-BF4B-00C04F79EFBC}") = "BizDayCalcTests", "BusinessDays\BizDayCalcTests\BizDayCalcTests.csproj", "{7E52B16C-6E27-448D-AC5C-03BE0B60353A}"
EndProject
Project("{2150E333-8FDC-42A3-9474-1A3956D46DE8}") = "CreateTablesTest", "CreateTablesTest", "{F3BF8B86-1D94-4364-819C-DBC78BD873BB}"
EndProject
Project("{FAE04EC0-301F-11D3-BF4B-00C04F79EFBC}") = "SqliteScmTest", "CreateTablesTest\SqliteScmTest\SqliteScmTest.csproj", "{F39C10B7-3647-4D1B-817D-9F2D01952560}"
EndProject
Project("{FAE04EC0-301F-11D3-BF4B-00C04F79EFBC}") = "WidgetScmDataAccess", "CreateTablesTest\WidgetScmDataAccess\WidgetScmDataAccess.csproj", "{5A853F44-3CAF-4842-BC16-45B2F3417EFD}"
EndProject
Project("{FAE04EC0-301F-11D3-BF4B-00C04F79EFBC}") = "HelloDotNet", "HelloDotNet\HelloDotNet.csproj", "{96465FF5-BFB2-4626-8ED7-CE859716DB56}"
EndProject
Project("{FAE04EC0-301F-11D3-BF4B-00C04F79EFBC}") = "AsciiArtSvc", "AsciiArtSvc\AsciiArtSvc.csproj", "{FC283331-C7F7-40D1-88E3-2B5354004A8C}"
EndProject
Project("{FAE04EC0-301F-11D3-BF4B-00C04F79EFBC}") = "BarcodeImage", "BarcodeImage\BarcodeImage.csproj", "{E1CCB38F-40D4-4635-BECA-438EEF1915C6}"
EndProject
Project("{FAE04EC0-301F-11D3-BF4B-00C04F79EFBC}") = "AsciiArtWebApp", "AsciiArtWebApp\AsciiArtWebApp.csproj", "{219B8AB8-8E91-4121-8473-3425EE943A85}"
EndProject
Project("{2150E333-8FDC-42A3-9474-1A3956D46DE8}") = "Chpt4FileAndNetworkIO", "Chpt4FileAndNetworkIO", "{93E80A81-AE12-47C9-B9BC-2E9EECDE13BD}"
EndProject
Project("{FAE04EC0-301F-11D3-BF4B-00C04F79EFBC}") = "CmdArgsTemplate", "Chpt4FileAndNetworkIO\CmdArgsTemplate\CmdArgsTemplate.csproj", "{1D198FA1-0691-4552-9EA9-E2D35DED6467}"
EndProject
Project("{FAE04EC0-301F-11D3-BF4B-00C04F79EFBC}") = "FindFiles", "Chpt4FileAndNetworkIO\FindFiles\FindFiles.csproj", "{9C6B4EE7-3658-49FF-8C9A-CFD7E5D61E0D}"
EndProject
Project("{FAE04EC0-301F-11D3-BF4B-00C04F79EFBC}") = "FindText", "Chpt4FileAndNetworkIO\FindText\FindText.csproj", "{19E5C26A-24C2-48B6-8391-C67713BEC8BF}"
EndProject
Project("{FAE04EC0-301F-11D3-BF4B-00C04F79EFBC}") = "GetJokes", "Chpt4FileAndNetworkIO\GetJokes\GetJokes.csproj", "{86C66EF5-207F-4909-982A-45F3DE91C810}"
EndProject
Project("{FAE04EC0-301F-11D3-BF4B-00C04F79EFBC}") = "XkcdSearch", "Chpt4FileAndNetworkIO\XkcdSearch\XkcdSearch.csproj", "{7C48E239-11B9-4312-BAB3-8DAD1B552DC9}"
EndProject
Project("{2150E333-8FDC-42A3-9474-1A3956D46DE8}") = "Chpt5EFCore", "Chpt5EFCore", "{5A0A043B-28F3-2FBA-5C15-D2707F33C959}"
EndProject
Project("{FAE04EC0-301F-11D3-BF4B-00C04F79EFBC}") = "ManningBooks", "Chpt5EFCore\ManningBooks\ManningBooks.csproj", "{A59D0A4F-A6E1-41A9-B6F9-8F8EA3A63CBE}"
EndProject
Project("{FAE04EC0-301F-11D3-BF4B-00C04F79EFBC}") = "ManningBooksApi", "Chpt5EFCore\ManningBooksApi\ManningBooksApi.csproj", "{5A6F7A8E-B424-484E-A8DD-D78C8A56995D}"
EndProject
Global
	GlobalSection(SolutionConfigurationPlatforms) = preSolution
		Debug|Any CPU = Debug|Any CPU
		Release|Any CPU = Release|Any CPU
	EndGlobalSection
	GlobalSection(ProjectConfigurationPlatforms) = postSolution
		{6842B5B3-26B8-453C-8D6F-FA3A674B5829}.Debug|Any CPU.ActiveCfg = Debug|Any CPU
		{6842B5B3-26B8-453C-8D6F-FA3A674B5829}.Debug|Any CPU.Build.0 = Debug|Any CPU
		{6842B5B3-26B8-453C-8D6F-FA3A674B5829}.Release|Any CPU.ActiveCfg = Release|Any CPU
		{6842B5B3-26B8-453C-8D6F-FA3A674B5829}.Release|Any CPU.Build.0 = Release|Any CPU
		{7E52B16C-6E27-448D-AC5C-03BE0B60353A}.Debug|Any CPU.ActiveCfg = Debug|Any CPU
		{7E52B16C-6E27-448D-AC5C-03BE0B60353A}.Debug|Any CPU.Build.0 = Debug|Any CPU
		{7E52B16C-6E27-448D-AC5C-03BE0B60353A}.Release|Any CPU.ActiveCfg = Release|Any CPU
		{7E52B16C-6E27-448D-AC5C-03BE0B60353A}.Release|Any CPU.Build.0 = Release|Any CPU
		{F39C10B7-3647-4D1B-817D-9F2D01952560}.Debug|Any CPU.ActiveCfg = Debug|Any CPU
		{F39C10B7-3647-4D1B-817D-9F2D01952560}.Debug|Any CPU.Build.0 = Debug|Any CPU
		{F39C10B7-3647-4D1B-817D-9F2D01952560}.Release|Any CPU.ActiveCfg = Release|Any CPU
		{F39C10B7-3647-4D1B-817D-9F2D01952560}.Release|Any CPU.Build.0 = Release|Any CPU
		{5A853F44-3CAF-4842-BC16-45B2F3417EFD}.Debug|Any CPU.ActiveCfg = Debug|Any CPU
		{5A853F44-3CAF-4842-BC16-45B2F3417EFD}.Debug|Any CPU.Build.0 = Debug|Any CPU
		{5A853F44-3CAF-4842-BC16-45B2F3417EFD}.Release|Any CPU.ActiveCfg = Release|Any CPU
		{5A853F44-3CAF-4842-BC16-45B2F3417EFD}.Release|Any CPU.Build.0 = Release|Any CPU
		{96465FF5-BFB2-4626-8ED7-CE859716DB56}.Debug|Any CPU.ActiveCfg = Debug|Any CPU
		{96465FF5-BFB2-4626-8ED7-CE859716DB56}.Debug|Any CPU.Build.0 = Debug|Any CPU
		{96465FF5-BFB2-4626-8ED7-CE859716DB56}.Release|Any CPU.ActiveCfg = Release|Any CPU
		{96465FF5-BFB2-4626-8ED7-CE859716DB56}.Release|Any CPU.Build.0 = Release|Any CPU
		{FC283331-C7F7-40D1-88E3-2B5354004A8C}.Debug|Any CPU.ActiveCfg = Debug|Any CPU
		{FC283331-C7F7-40D1-88E3-2B5354004A8C}.Debug|Any CPU.Build.0 = Debug|Any CPU
		{FC283331-C7F7-40D1-88E3-2B5354004A8C}.Release|Any CPU.ActiveCfg = Release|Any CPU
		{FC283331-C7F7-40D1-88E3-2B5354004A8C}.Release|Any CPU.Build.0 = Release|Any CPU
		{E1CCB38F-40D4-4635-BECA-438EEF1915C6}.Debug|Any CPU.ActiveCfg = Debug|Any CPU
		{E1CCB38F-40D4-4635-BECA-438EEF1915C6}.Debug|Any CPU.Build.0 = Debug|Any CPU
		{E1CCB38F-40D4-4635-BECA-438EEF1915C6}.Release|Any CPU.ActiveCfg = Release|Any CPU
		{E1CCB38F-40D4-4635-BECA-438EEF1915C6}.Release|Any CPU.Build.0 = Release|Any CPU
		{219B8AB8-8E91-4121-8473-3425EE943A85}.Debug|Any CPU.ActiveCfg = Debug|Any CPU
		{219B8AB8-8E91-4121-8473-3425EE943A85}.Debug|Any CPU.Build.0 = Debug|Any CPU
		{219B8AB8-8E91-4121-8473-3425EE943A85}.Release|Any CPU.ActiveCfg = Release|Any CPU
		{219B8AB8-8E91-4121-8473-3425EE943A85}.Release|Any CPU.Build.0 = Release|Any CPU
		{1D198FA1-0691-4552-9EA9-E2D35DED6467}.Debug|Any CPU.ActiveCfg = Debug|Any CPU
		{1D198FA1-0691-4552-9EA9-E2D35DED6467}.Debug|Any CPU.Build.0 = Debug|Any CPU
		{1D198FA1-0691-4552-9EA9-E2D35DED6467}.Release|Any CPU.ActiveCfg = Release|Any CPU
		{1D198FA1-0691-4552-9EA9-E2D35DED6467}.Release|Any CPU.Build.0 = Release|Any CPU
		{9C6B4EE7-3658-49FF-8C9A-CFD7E5D61E0D}.Debug|Any CPU.ActiveCfg = Debug|Any CPU
		{9C6B4EE7-3658-49FF-8C9A-CFD7E5D61E0D}.Debug|Any CPU.Build.0 = Debug|Any CPU
		{9C6B4EE7-3658-49FF-8C9A-CFD7E5D61E0D}.Release|Any CPU.ActiveCfg = Release|Any CPU
		{9C6B4EE7-3658-49FF-8C9A-CFD7E5D61E0D}.Release|Any CPU.Build.0 = Release|Any CPU
		{19E5C26A-24C2-48B6-8391-C67713BEC8BF}.Debug|Any CPU.ActiveCfg = Debug|Any CPU
		{19E5C26A-24C2-48B6-8391-C67713BEC8BF}.Debug|Any CPU.Build.0 = Debug|Any CPU
		{19E5C26A-24C2-48B6-8391-C67713BEC8BF}.Release|Any CPU.ActiveCfg = Release|Any CPU
		{19E5C26A-24C2-48B6-8391-C67713BEC8BF}.Release|Any CPU.Build.0 = Release|Any CPU
		{86C66EF5-207F-4909-982A-45F3DE91C810}.Debug|Any CPU.ActiveCfg = Debug|Any CPU
		{86C66EF5-207F-4909-982A-45F3DE91C810}.Debug|Any CPU.Build.0 = Debug|Any CPU
		{86C66EF5-207F-4909-982A-45F3DE91C810}.Release|Any CPU.ActiveCfg = Release|Any CPU
		{86C66EF5-207F-4909-982A-45F3DE91C810}.Release|Any CPU.Build.0 = Release|Any CPU
		{7C48E239-11B9-4312-BAB3-8DAD1B552DC9}.Debug|Any CPU.ActiveCfg = Debug|Any CPU
		{7C48E239-11B9-4312-BAB3-8DAD1B552DC9}.Debug|Any CPU.Build.0 = Debug|Any CPU
		{7C48E239-11B9-4312-BAB3-8DAD1B552DC9}.Release|Any CPU.ActiveCfg = Release|Any CPU
		{7C48E239-11B9-4312-BAB3-8DAD1B552DC9}.Release|Any CPU.Build.0 = Release|Any CPU
		{A59D0A4F-A6E1-41A9-B6F9-8F8EA3A63CBE}.Debug|Any CPU.ActiveCfg = Debug|Any CPU
		{A59D0A4F-A6E1-41A9-B6F9-8F8EA3A63CBE}.Debug|Any CPU.Build.0 = Debug|Any CPU
		{A59D0A4F-A6E1-41A9-B6F9-8F8EA3A63CBE}.Release|Any CPU.ActiveCfg = Release|Any CPU
		{A59D0A4F-A6E1-41A9-B6F9-8F8EA3A63CBE}.Release|Any CPU.Build.0 = Release|Any CPU
		{5A6F7A8E-B424-484E-A8DD-D78C8A56995D}.Debug|Any CPU.ActiveCfg = Debug|Any CPU
		{5A6F7A8E-B424-484E-A8DD-D78C8A56995D}.Debug|Any CPU.Build.0 = Debug|Any CPU
		{5A6F7A8E-B424-484E-A8DD-D78C8A56995D}.Release|Any CPU.ActiveCfg = Release|Any CPU
		{5A6F7A8E-B424-484E-A8DD-D78C8A56995D}.Release|Any CPU.Build.0 = Release|Any CPU
	EndGlobalSection
	GlobalSection(SolutionProperties) = preSolution
		HideSolutionNode = FALSE
	EndGlobalSection
	GlobalSection(NestedProjects) = preSolution
		{6842B5B3-26B8-453C-8D6F-FA3A674B5829} = {31493F9B-A1B0-4172-8317-9AF4F180A702}
		{7E52B16C-6E27-448D-AC5C-03BE0B60353A} = {31493F9B-A1B0-4172-8317-9AF4F180A702}
		{F39C10B7-3647-4D1B-817D-9F2D01952560} = {F3BF8B86-1D94-4364-819C-DBC78BD873BB}
		{5A853F44-3CAF-4842-BC16-45B2F3417EFD} = {F3BF8B86-1D94-4364-819C-DBC78BD873BB}
		{1D198FA1-0691-4552-9EA9-E2D35DED6467} = {93E80A81-AE12-47C9-B9BC-2E9EECDE13BD}
		{9C6B4EE7-3658-49FF-8C9A-CFD7E5D61E0D} = {93E80A81-AE12-47C9-B9BC-2E9EECDE13BD}
		{19E5C26A-24C2-48B6-8391-C67713BEC8BF} = {93E80A81-AE12-47C9-B9BC-2E9EECDE13BD}
		{86C66EF5-207F-4909-982A-45F3DE91C810} = {93E80A81-AE12-47C9-B9BC-2E9EECDE13BD}
		{7C48E239-11B9-4312-BAB3-8DAD1B552DC9} = {93E80A81-AE12-47C9-B9BC-2E9EECDE13BD}
		{A59D0A4F-A6E1-41A9-B6F9-8F8EA3A63CBE} = {5A0A043B-28F3-2FBA-5C15-D2707F33C959}
		{5A6F7A8E-B424-484E-A8DD-D78C8A56995D} = {5A0A043B-28F3-2FBA-5C15-D2707F33C959}
	EndGlobalSection
	GlobalSection(ExtensibilityGlobals) = postSolution
		SolutionGuid = {2444D085-5271-4613-954A-F531C7751368}
	EndGlobalSection
EndGlobal
