
Microsoft Visual Studio Solution File, Format Version 12.00
# Visual Studio Version 17
VisualStudioVersion = 17.5.2.0
MinimumVisualStudioVersion = 10.0.40219.1
Project("{2150E333-8FDC-42A3-9474-1A3956D46DE8}") = "BusinessDays", "BusinessDays", "{31493F9B-A1B0-4172-8317-9AF4F180A702}"
EndProject
Project("{FAE04EC0-301F-11D3-BF4B-00C04F79EFBC}") = "BizDayCalc", "BusinessDays\BizDayCalc\BizDayCalc.csproj", "{6842B5B3-26B8-453C-8D6F-FA3A674B5829}"
EndProject
Project("{FAE04EC0-301F-11D3-BF4B-00C04F79EFBC}") = "BizDayCalcTests", "BusinessDays\BizDayCalcTests\BizDayCalcTests.csproj", "{7E52B16C-6E27-448D-AC5C-03BE0B60353A}"
EndProject
Project("{2150E333-8FDC-42A3-9474-1A3956D46DE8}") = "CreateTablesTest", "CreateTablesTest", "{F3BF8B86-1D94-4364-819C-DBC78BD873BB}"
EndProject
Project("{FAE04EC0-301F-11D3-BF4B-00C04F79EFBC}") = "SqliteScmTest", "CreateTablesTest\SqliteScmTest\SqliteScmTest.csproj", "{F39C10B7-3647-4D1B-817D-9F2D01952560}"
EndProject
Project("{FAE04EC0-301F-11D3-BF4B-00C04F79EFBC}") = "WidgetScmDataAccess", "CreateTablesTest\WidgetScmDataAccess\WidgetScmDataAccess.csproj", "{5A853F44-3CAF-4842-BC16-45B2F3417EFD}"
EndProject
Project("{FAE04EC0-301F-11D3-BF4B-00C04F79EFBC}") = "HelloDotNet", "HelloDotNet\HelloDotNet.csproj", "{96465FF5-BFB2-4626-8ED7-CE859716DB56}"
EndProject
Project("{FAE04EC0-301F-11D3-BF4B-00C04F79EFBC}") = "AsciiArtSvc", "AsciiArtSvc\AsciiArtSvc.csproj", "{FC283331-C7F7-40D1-88E3-2B5354004A8C}"
EndProject
Project("{FAE04EC0-301F-11D3-BF4B-00C04F79EFBC}") = "BarcodeImage", "BarcodeImage\BarcodeImage.csproj", "{E1CCB38F-40D4-4635-BECA-438EEF1915C6}"
EndProject
Project("{FAE04EC0-301F-11D3-BF4B-00C04F79EFBC}") = "AsciiArtWebApp", "AsciiArtWebApp\AsciiArtWebApp.csproj", "{219B8AB8-8E91-4121-8473-3425EE943A85}"
EndProject
Project("{2150E333-8FDC-42A3-9474-1A3956D46DE8}") = "Chpt4FileAndNetworkIO", "Chpt4FileAndNetworkIO", "{93E80A81-AE12-47C9-B9BC-2E9EECDE13BD}"
EndProject
Project("{FAE04EC0-301F-11D3-BF4B-00C04F79EFBC}") = "CmdArgsTemplate", "Chpt4FileAndNetworkIO\CmdArgsTemplate\CmdArgsTemplate.csproj", "{1D198FA1-0691-4552-9EA9-E2D35DED6467}"
EndProject
Project("{FAE04EC0-301F-11D3-BF4B-00C04F79EFBC}") = "FindFiles", "Chpt4FileAndNetworkIO\FindFiles\FindFiles.csproj", "{9C6B4EE7-3658-49FF-8C9A-CFD7E5D61E0D}"
EndProject
Project("{FAE04EC0-301F-11D3-BF4B-00C04F79EFBC}") = "FindText", "Chpt4FileAndNetworkIO\FindText\FindText.csproj", "{19E5C26A-24C2-48B6-8391-C67713BEC8BF}"
EndProject
Project("{FAE04EC0-301F-11D3-BF4B-00C04F79EFBC}") = "GetJokes", "Chpt4FileAndNetworkIO\GetJokes\GetJokes.csproj", "{86C66EF5-207F-4909-982A-45F3DE91C810}"
EndProject
Project("{FAE04EC0-301F-11D3-BF4B-00C04F79EFBC}") = "XkcdSearch", "Chpt4FileAndNetworkIO\XkcdSearch\XkcdSearch.csproj", "{7C48E239-11B9-4312-BAB3-8DAD1B552DC9}"
EndProject
Project("{2150E333-8FDC-42A3-9474-1A3956D46DE8}") = "Chpt5EFCore", "Chpt5EFCore", "{5A0A043B-28F3-2FBA-5C15-D2707F33C959}"
EndProject
Project("{FAE04EC0-301F-11D3-BF4B-00C04F79EFBC}") = "ManningBooks", "Chpt5EFCore\ManningBooks\ManningBooks.csproj", "{A59D0A4F-A6E1-41A9-B6F9-8F8EA3A63CBE}"
EndProject
Project("{FAE04EC0-301F-11D3-BF4B-00C04F79EFBC}") = "ManningBooksApi", "Chpt5EFCore\ManningBooksApi\ManningBooksApi.csproj", "{5A6F7A8E-B424-484E-A8DD-D78C8A56995D}"
EndProject
Project("{2150E333-8FDC-42A3-9474-1A3956D46DE8}") = "Chpt6_Unit-Testing", "Chpt6_Unit-Testing", "{63AD492F-2EA3-EFCC-561A-4306196F65F3}"
EndProject
Project("{FAE04EC0-301F-11D3-BF4B-00C04F79EFBC}") = "SudokuSolver.UnitTests", "Chpt6_Unit-Testing\SudokuSolver.UnitTests\SudokuSolver.UnitTests.csproj", "{9CB77400-8C7E-45B0-A085-17BA1FEF82C5}"
EndProject
Project("{FAE04EC0-301F-11D3-BF4B-00C04F79EFBC}") = "SudokuSolver", "Chpt6_Unit-Testing\SudokuSolver\SudokuSolver.csproj", "{D0E3DCA3-1614-48F1-9FDB-E83765541882}"
EndProject
Project("{2150E333-8FDC-42A3-9474-1A3956D46DE8}") = "Chpt7and8SubstitutingDependencies", "Chpt7and8SubstitutingDependencies", "{47E615C3-554B-410A-87DC-0FB929108862}"
EndProject
Project("{FAE04EC0-301F-11D3-BF4B-00C04F79EFBC}") = "CustomerBatchImporter", "Chpt7SubstitutingDependencies\CustomerBatchImporter\CustomerBatchImporter.csproj", "{3304B40F-4CB2-4017-AEE4-2E96299BD4ED}"
EndProject
Project("{FAE04EC0-301F-11D3-BF4B-00C04F79EFBC}") = "CustomerBatchImporter.UnitTests", "Chpt7SubstitutingDependencies\CustomerBatchImporter.UnitTests\CustomerBatchImporter.UnitTests.csproj", "{FC639FC5-7FED-4D16-A5B6-652B28D37275}"
EndProject
Project("{FAE04EC0-301F-11D3-BF4B-00C04F79EFBC}") = "XkcdComicFinder", "Chpt7SubstitutingDependencies\XkcdComicFinder\XkcdComicFinder.csproj", "{7385DA75-B97E-425E-BD7E-EC0662EB4802}"
EndProject
Project("{FAE04EC0-301F-11D3-BF4B-00C04F79EFBC}") = "XkcdComicFinder.Tests", "Chpt7SubstitutingDependencies\XkcdComicFinder.Tests\XkcdComicFinder.Tests.csproj", "{39D3F102-1C47-4D02-844B-2BBBDA184584}"
EndProject
Project("{FAE04EC0-301F-11D3-BF4B-00C04F79EFBC}") = "ComicFindService", "Chpt7SubstitutingDependencies\ComicFindService\ComicFindService.csproj", "{3CBEF353-B731-4152-A45A-D3E92DAB519A}"
EndProject
Project("{FAE04EC0-301F-11D3-BF4B-00C04F79EFBC}") = "ManningBooksApi.Tests", "Chpt5EFCore\ManningBooksApi.Tests\ManningBooksApi.Tests.csproj", "{CDDA9814-55E0-4987-81BF-2679E48D9E4F}"
EndProject
Project("{2150E333-8FDC-42A3-9474-1A3956D46DE8}") = "Chpt10PerformanceandProfiling", "Chpt10PerformanceandProfiling", "{61F5399C-70BC-42D1-804B-2A14B9E60E07}"
EndProject
Project("{FAE04EC0-301F-11D3-BF4B-00C04F79EFBC}") = "FirstBenchmark", "Chpt10PerformanceandProfiling\FirstBenchmark\FirstBenchmark.csproj", "{47205BF9-463D-45D4-8B40-907A5089F457}"
EndProject
Project("{FAE04EC0-301F-11D3-BF4B-00C04F79EFBC}") = "ComicFindService", "Chpt10PerformanceandProfiling\ComicFindService\ComicFindService.csproj", "{037DA9E6-727A-4DD1-B6EF-53E926876BBF}"
EndProject
Project("{FAE04EC0-301F-11D3-BF4B-00C04F79EFBC}") = "ComicFinderLoadTest", "Chpt10PerformanceandProfiling\ComicFinderLoadTest\ComicFinderLoadTest.csproj", "{4BCE4A2A-1690-4246-9F64-8D03BAA99A7A}"
EndProject
Project("{FAE04EC0-301F-11D3-BF4B-00C04F79EFBC}") = "XkcdComicFinder", "Chpt10PerformanceandProfiling\XkcdComicFinder\XkcdComicFinder.csproj", "{A0341890-0FA6-49C8-8485-0D3DA96AFB0A}"
EndProject
Project("{2150E333-8FDC-42A3-9474-1A3956D46DE8}") = "Chpt11HandlingFailures", "Chpt11HandlingFailures", "{2221E512-0AE0-4121-8FB9-6DF340EABED6}"
EndProject
Project("{FAE04EC0-301F-11D3-BF4B-00C04F79EFBC}") = "MoneyTransfer", "Chpt11HandlingFailures\MoneyTransfer\MoneyTransfer.csproj", "{0DD26345-907F-4B94-9EE6-CBEF171455D0}"
EndProject
Project("{FAE04EC0-301F-11D3-BF4B-00C04F79EFBC}") = "MoneyTransfer.Tests", "Chpt11HandlingFailures\MoneyTransfer.Tests\MoneyTransfer.Tests.csproj", "{0750CCB8-B476-459F-8F1E-A87781D70186}"
EndProject
Project("{2150E333-8FDC-42A3-9474-1A3956D46DE8}") = "Chpt12BuildingWorldReadyApp", "Chpt12BuildingWorldReadyApp", "{7C103FD8-D4D3-4876-948E-C6B5CB818BCE}"
EndProject
Project("{FAE04EC0-301F-11D3-BF4B-00C04F79EFBC}") = "AcController", "Chpt12BuildingWorldReadyApp\AcController\AcController.csproj", "{6099A2A4-3B63-44CE-8ADD-DABEDCBCACC1}"
EndProject
Global
	GlobalSection(SolutionConfigurationPlatforms) = preSolution
		Debug|Any CPU = Debug|Any CPU
		Release|Any CPU = Release|Any CPU
	EndGlobalSection
	GlobalSection(ProjectConfigurationPlatforms) = postSolution
		{6842B5B3-26B8-453C-8D6F-FA3A674B5829}.Debug|Any CPU.ActiveCfg = Debug|Any CPU
		{6842B5B3-26B8-453C-8D6F-FA3A674B5829}.Debug|Any CPU.Build.0 = Debug|Any CPU
		{6842B5B3-26B8-453C-8D6F-FA3A674B5829}.Release|Any CPU.ActiveCfg = Release|Any CPU
		{6842B5B3-26B8-453C-8D6F-FA3A674B5829}.Release|Any CPU.Build.0 = Release|Any CPU
		{7E52B16C-6E27-448D-AC5C-03BE0B60353A}.Debug|Any CPU.ActiveCfg = Debug|Any CPU
		{7E52B16C-6E27-448D-AC5C-03BE0B60353A}.Debug|Any CPU.Build.0 = Debug|Any CPU
		{7E52B16C-6E27-448D-AC5C-03BE0B60353A}.Release|Any CPU.ActiveCfg = Release|Any CPU
		{7E52B16C-6E27-448D-AC5C-03BE0B60353A}.Release|Any CPU.Build.0 = Release|Any CPU
		{F39C10B7-3647-4D1B-817D-9F2D01952560}.Debug|Any CPU.ActiveCfg = Debug|Any CPU
		{F39C10B7-3647-4D1B-817D-9F2D01952560}.Debug|Any CPU.Build.0 = Debug|Any CPU
		{F39C10B7-3647-4D1B-817D-9F2D01952560}.Release|Any CPU.ActiveCfg = Release|Any CPU
		{F39C10B7-3647-4D1B-817D-9F2D01952560}.Release|Any CPU.Build.0 = Release|Any CPU
		{5A853F44-3CAF-4842-BC16-45B2F3417EFD}.Debug|Any CPU.ActiveCfg = Debug|Any CPU
		{5A853F44-3CAF-4842-BC16-45B2F3417EFD}.Debug|Any CPU.Build.0 = Debug|Any CPU
		{5A853F44-3CAF-4842-BC16-45B2F3417EFD}.Release|Any CPU.ActiveCfg = Release|Any CPU
		{5A853F44-3CAF-4842-BC16-45B2F3417EFD}.Release|Any CPU.Build.0 = Release|Any CPU
		{96465FF5-BFB2-4626-8ED7-CE859716DB56}.Debug|Any CPU.ActiveCfg = Debug|Any CPU
		{96465FF5-BFB2-4626-8ED7-CE859716DB56}.Debug|Any CPU.Build.0 = Debug|Any CPU
		{96465FF5-BFB2-4626-8ED7-CE859716DB56}.Release|Any CPU.ActiveCfg = Release|Any CPU
		{96465FF5-BFB2-4626-8ED7-CE859716DB56}.Release|Any CPU.Build.0 = Release|Any CPU
		{FC283331-C7F7-40D1-88E3-2B5354004A8C}.Debug|Any CPU.ActiveCfg = Debug|Any CPU
		{FC283331-C7F7-40D1-88E3-2B5354004A8C}.Debug|Any CPU.Build.0 = Debug|Any CPU
		{FC283331-C7F7-40D1-88E3-2B5354004A8C}.Release|Any CPU.ActiveCfg = Release|Any CPU
		{FC283331-C7F7-40D1-88E3-2B5354004A8C}.Release|Any CPU.Build.0 = Release|Any CPU
		{E1CCB38F-40D4-4635-BECA-438EEF1915C6}.Debug|Any CPU.ActiveCfg = Debug|Any CPU
		{E1CCB38F-40D4-4635-BECA-438EEF1915C6}.Debug|Any CPU.Build.0 = Debug|Any CPU
		{E1CCB38F-40D4-4635-BECA-438EEF1915C6}.Release|Any CPU.ActiveCfg = Release|Any CPU
		{E1CCB38F-40D4-4635-BECA-438EEF1915C6}.Release|Any CPU.Build.0 = Release|Any CPU
		{219B8AB8-8E91-4121-8473-3425EE943A85}.Debug|Any CPU.ActiveCfg = Debug|Any CPU
		{219B8AB8-8E91-4121-8473-3425EE943A85}.Debug|Any CPU.Build.0 = Debug|Any CPU
		{219B8AB8-8E91-4121-8473-3425EE943A85}.Release|Any CPU.ActiveCfg = Release|Any CPU
		{219B8AB8-8E91-4121-8473-3425EE943A85}.Release|Any CPU.Build.0 = Release|Any CPU
		{1D198FA1-0691-4552-9EA9-E2D35DED6467}.Debug|Any CPU.ActiveCfg = Debug|Any CPU
		{1D198FA1-0691-4552-9EA9-E2D35DED6467}.Debug|Any CPU.Build.0 = Debug|Any CPU
		{1D198FA1-0691-4552-9EA9-E2D35DED6467}.Release|Any CPU.ActiveCfg = Release|Any CPU
		{1D198FA1-0691-4552-9EA9-E2D35DED6467}.Release|Any CPU.Build.0 = Release|Any CPU
		{9C6B4EE7-3658-49FF-8C9A-CFD7E5D61E0D}.Debug|Any CPU.ActiveCfg = Debug|Any CPU
		{9C6B4EE7-3658-49FF-8C9A-CFD7E5D61E0D}.Debug|Any CPU.Build.0 = Debug|Any CPU
		{9C6B4EE7-3658-49FF-8C9A-CFD7E5D61E0D}.Release|Any CPU.ActiveCfg = Release|Any CPU
		{9C6B4EE7-3658-49FF-8C9A-CFD7E5D61E0D}.Release|Any CPU.Build.0 = Release|Any CPU
		{19E5C26A-24C2-48B6-8391-C67713BEC8BF}.Debug|Any CPU.ActiveCfg = Debug|Any CPU
		{19E5C26A-24C2-48B6-8391-C67713BEC8BF}.Debug|Any CPU.Build.0 = Debug|Any CPU
		{19E5C26A-24C2-48B6-8391-C67713BEC8BF}.Release|Any CPU.ActiveCfg = Release|Any CPU
		{19E5C26A-24C2-48B6-8391-C67713BEC8BF}.Release|Any CPU.Build.0 = Release|Any CPU
		{86C66EF5-207F-4909-982A-45F3DE91C810}.Debug|Any CPU.ActiveCfg = Debug|Any CPU
		{86C66EF5-207F-4909-982A-45F3DE91C810}.Debug|Any CPU.Build.0 = Debug|Any CPU
		{86C66EF5-207F-4909-982A-45F3DE91C810}.Release|Any CPU.ActiveCfg = Release|Any CPU
		{86C66EF5-207F-4909-982A-45F3DE91C810}.Release|Any CPU.Build.0 = Release|Any CPU
		{7C48E239-11B9-4312-BAB3-8DAD1B552DC9}.Debug|Any CPU.ActiveCfg = Debug|Any CPU
		{7C48E239-11B9-4312-BAB3-8DAD1B552DC9}.Debug|Any CPU.Build.0 = Debug|Any CPU
		{7C48E239-11B9-4312-BAB3-8DAD1B552DC9}.Release|Any CPU.ActiveCfg = Release|Any CPU
		{7C48E239-11B9-4312-BAB3-8DAD1B552DC9}.Release|Any CPU.Build.0 = Release|Any CPU
		{A59D0A4F-A6E1-41A9-B6F9-8F8EA3A63CBE}.Debug|Any CPU.ActiveCfg = Debug|Any CPU
		{A59D0A4F-A6E1-41A9-B6F9-8F8EA3A63CBE}.Debug|Any CPU.Build.0 = Debug|Any CPU
		{A59D0A4F-A6E1-41A9-B6F9-8F8EA3A63CBE}.Release|Any CPU.ActiveCfg = Release|Any CPU
		{A59D0A4F-A6E1-41A9-B6F9-8F8EA3A63CBE}.Release|Any CPU.Build.0 = Release|Any CPU
		{5A6F7A8E-B424-484E-A8DD-D78C8A56995D}.Debug|Any CPU.ActiveCfg = Debug|Any CPU
		{5A6F7A8E-B424-484E-A8DD-D78C8A56995D}.Debug|Any CPU.Build.0 = Debug|Any CPU
		{5A6F7A8E-B424-484E-A8DD-D78C8A56995D}.Release|Any CPU.ActiveCfg = Release|Any CPU
		{5A6F7A8E-B424-484E-A8DD-D78C8A56995D}.Release|Any CPU.Build.0 = Release|Any CPU
		{9CB77400-8C7E-45B0-A085-17BA1FEF82C5}.Debug|Any CPU.ActiveCfg = Debug|Any CPU
		{9CB77400-8C7E-45B0-A085-17BA1FEF82C5}.Debug|Any CPU.Build.0 = Debug|Any CPU
		{9CB77400-8C7E-45B0-A085-17BA1FEF82C5}.Release|Any CPU.ActiveCfg = Release|Any CPU
		{9CB77400-8C7E-45B0-A085-17BA1FEF82C5}.Release|Any CPU.Build.0 = Release|Any CPU
		{D0E3DCA3-1614-48F1-9FDB-E83765541882}.Debug|Any CPU.ActiveCfg = Debug|Any CPU
		{D0E3DCA3-1614-48F1-9FDB-E83765541882}.Debug|Any CPU.Build.0 = Debug|Any CPU
		{D0E3DCA3-1614-48F1-9FDB-E83765541882}.Release|Any CPU.ActiveCfg = Release|Any CPU
		{D0E3DCA3-1614-48F1-9FDB-E83765541882}.Release|Any CPU.Build.0 = Release|Any CPU
		{3304B40F-4CB2-4017-AEE4-2E96299BD4ED}.Debug|Any CPU.ActiveCfg = Debug|Any CPU
		{3304B40F-4CB2-4017-AEE4-2E96299BD4ED}.Debug|Any CPU.Build.0 = Debug|Any CPU
		{3304B40F-4CB2-4017-AEE4-2E96299BD4ED}.Release|Any CPU.ActiveCfg = Release|Any CPU
		{3304B40F-4CB2-4017-AEE4-2E96299BD4ED}.Release|Any CPU.Build.0 = Release|Any CPU
		{FC639FC5-7FED-4D16-A5B6-652B28D37275}.Debug|Any CPU.ActiveCfg = Debug|Any CPU
		{FC639FC5-7FED-4D16-A5B6-652B28D37275}.Debug|Any CPU.Build.0 = Debug|Any CPU
		{FC639FC5-7FED-4D16-A5B6-652B28D37275}.Release|Any CPU.ActiveCfg = Release|Any CPU
		{FC639FC5-7FED-4D16-A5B6-652B28D37275}.Release|Any CPU.Build.0 = Release|Any CPU
		{7385DA75-B97E-425E-BD7E-EC0662EB4802}.Debug|Any CPU.ActiveCfg = Debug|Any CPU
		{7385DA75-B97E-425E-BD7E-EC0662EB4802}.Debug|Any CPU.Build.0 = Debug|Any CPU
		{7385DA75-B97E-425E-BD7E-EC0662EB4802}.Release|Any CPU.ActiveCfg = Release|Any CPU
		{7385DA75-B97E-425E-BD7E-EC0662EB4802}.Release|Any CPU.Build.0 = Release|Any CPU
		{39D3F102-1C47-4D02-844B-2BBBDA184584}.Debug|Any CPU.ActiveCfg = Debug|Any CPU
		{39D3F102-1C47-4D02-844B-2BBBDA184584}.Debug|Any CPU.Build.0 = Debug|Any CPU
		{39D3F102-1C47-4D02-844B-2BBBDA184584}.Release|Any CPU.ActiveCfg = Release|Any CPU
		{39D3F102-1C47-4D02-844B-2BBBDA184584}.Release|Any CPU.Build.0 = Release|Any CPU
		{3CBEF353-B731-4152-A45A-D3E92DAB519A}.Debug|Any CPU.ActiveCfg = Debug|Any CPU
		{3CBEF353-B731-4152-A45A-D3E92DAB519A}.Debug|Any CPU.Build.0 = Debug|Any CPU
		{3CBEF353-B731-4152-A45A-D3E92DAB519A}.Release|Any CPU.ActiveCfg = Release|Any CPU
		{3CBEF353-B731-4152-A45A-D3E92DAB519A}.Release|Any CPU.Build.0 = Release|Any CPU
		{CDDA9814-55E0-4987-81BF-2679E48D9E4F}.Debug|Any CPU.ActiveCfg = Debug|Any CPU
		{CDDA9814-55E0-4987-81BF-2679E48D9E4F}.Debug|Any CPU.Build.0 = Debug|Any CPU
		{CDDA9814-55E0-4987-81BF-2679E48D9E4F}.Release|Any CPU.ActiveCfg = Release|Any CPU
		{CDDA9814-55E0-4987-81BF-2679E48D9E4F}.Release|Any CPU.Build.0 = Release|Any CPU
		{47205BF9-463D-45D4-8B40-907A5089F457}.Debug|Any CPU.ActiveCfg = Debug|Any CPU
		{47205BF9-463D-45D4-8B40-907A5089F457}.Debug|Any CPU.Build.0 = Debug|Any CPU
		{47205BF9-463D-45D4-8B40-907A5089F457}.Release|Any CPU.ActiveCfg = Release|Any CPU
		{47205BF9-463D-45D4-8B40-907A5089F457}.Release|Any CPU.Build.0 = Release|Any CPU
		{037DA9E6-727A-4DD1-B6EF-53E926876BBF}.Debug|Any CPU.ActiveCfg = Debug|Any CPU
		{037DA9E6-727A-4DD1-B6EF-53E926876BBF}.Debug|Any CPU.Build.0 = Debug|Any CPU
		{037DA9E6-727A-4DD1-B6EF-53E926876BBF}.Release|Any CPU.ActiveCfg = Release|Any CPU
		{037DA9E6-727A-4DD1-B6EF-53E926876BBF}.Release|Any CPU.Build.0 = Release|Any CPU
		{4BCE4A2A-1690-4246-9F64-8D03BAA99A7A}.Debug|Any CPU.ActiveCfg = Debug|Any CPU
		{4BCE4A2A-1690-4246-9F64-8D03BAA99A7A}.Debug|Any CPU.Build.0 = Debug|Any CPU
		{4BCE4A2A-1690-4246-9F64-8D03BAA99A7A}.Release|Any CPU.ActiveCfg = Release|Any CPU
		{4BCE4A2A-1690-4246-9F64-8D03BAA99A7A}.Release|Any CPU.Build.0 = Release|Any CPU
		{A0341890-0FA6-49C8-8485-0D3DA96AFB0A}.Debug|Any CPU.ActiveCfg = Debug|Any CPU
		{A0341890-0FA6-49C8-8485-0D3DA96AFB0A}.Debug|Any CPU.Build.0 = Debug|Any CPU
		{A0341890-0FA6-49C8-8485-0D3DA96AFB0A}.Release|Any CPU.ActiveCfg = Release|Any CPU
		{A0341890-0FA6-49C8-8485-0D3DA96AFB0A}.Release|Any CPU.Build.0 = Release|Any CPU
		{0DD26345-907F-4B94-9EE6-CBEF171455D0}.Debug|Any CPU.ActiveCfg = Debug|Any CPU
		{0DD26345-907F-4B94-9EE6-CBEF171455D0}.Debug|Any CPU.Build.0 = Debug|Any CPU
		{0DD26345-907F-4B94-9EE6-CBEF171455D0}.Release|Any CPU.ActiveCfg = Release|Any CPU
		{0DD26345-907F-4B94-9EE6-CBEF171455D0}.Release|Any CPU.Build.0 = Release|Any CPU
		{0750CCB8-B476-459F-8F1E-A87781D70186}.Debug|Any CPU.ActiveCfg = Debug|Any CPU
		{0750CCB8-B476-459F-8F1E-A87781D70186}.Debug|Any CPU.Build.0 = Debug|Any CPU
		{0750CCB8-B476-459F-8F1E-A87781D70186}.Release|Any CPU.ActiveCfg = Release|Any CPU
		{0750CCB8-B476-459F-8F1E-A87781D70186}.Release|Any CPU.Build.0 = Release|Any CPU
		{6099A2A4-3B63-44CE-8ADD-DABEDCBCACC1}.Debug|Any CPU.ActiveCfg = Debug|Any CPU
		{6099A2A4-3B63-44CE-8ADD-DABEDCBCACC1}.Debug|Any CPU.Build.0 = Debug|Any CPU
		{6099A2A4-3B63-44CE-8ADD-DABEDCBCACC1}.Release|Any CPU.ActiveCfg = Release|Any CPU
		{6099A2A4-3B63-44CE-8ADD-DABEDCBCACC1}.Release|Any CPU.Build.0 = Release|Any CPU
	EndGlobalSection
	GlobalSection(SolutionProperties) = preSolution
		HideSolutionNode = FALSE
	EndGlobalSection
	GlobalSection(NestedProjects) = preSolution
		{6842B5B3-26B8-453C-8D6F-FA3A674B5829} = {31493F9B-A1B0-4172-8317-9AF4F180A702}
		{7E52B16C-6E27-448D-AC5C-03BE0B60353A} = {31493F9B-A1B0-4172-8317-9AF4F180A702}
		{F39C10B7-3647-4D1B-817D-9F2D01952560} = {F3BF8B86-1D94-4364-819C-DBC78BD873BB}
		{5A853F44-3CAF-4842-BC16-45B2F3417EFD} = {F3BF8B86-1D94-4364-819C-DBC78BD873BB}
		{1D198FA1-0691-4552-9EA9-E2D35DED6467} = {93E80A81-AE12-47C9-B9BC-2E9EECDE13BD}
		{9C6B4EE7-3658-49FF-8C9A-CFD7E5D61E0D} = {93E80A81-AE12-47C9-B9BC-2E9EECDE13BD}
		{19E5C26A-24C2-48B6-8391-C67713BEC8BF} = {93E80A81-AE12-47C9-B9BC-2E9EECDE13BD}
		{86C66EF5-207F-4909-982A-45F3DE91C810} = {93E80A81-AE12-47C9-B9BC-2E9EECDE13BD}
		{7C48E239-11B9-4312-BAB3-8DAD1B552DC9} = {93E80A81-AE12-47C9-B9BC-2E9EECDE13BD}
		{A59D0A4F-A6E1-41A9-B6F9-8F8EA3A63CBE} = {5A0A043B-28F3-2FBA-5C15-D2707F33C959}
		{5A6F7A8E-B424-484E-A8DD-D78C8A56995D} = {5A0A043B-28F3-2FBA-5C15-D2707F33C959}
		{9CB77400-8C7E-45B0-A085-17BA1FEF82C5} = {63AD492F-2EA3-EFCC-561A-4306196F65F3}
		{D0E3DCA3-1614-48F1-9FDB-E83765541882} = {63AD492F-2EA3-EFCC-561A-4306196F65F3}
		{3304B40F-4CB2-4017-AEE4-2E96299BD4ED} = {47E615C3-554B-410A-87DC-0FB929108862}
		{FC639FC5-7FED-4D16-A5B6-652B28D37275} = {47E615C3-554B-410A-87DC-0FB929108862}
		{7385DA75-B97E-425E-BD7E-EC0662EB4802} = {47E615C3-554B-410A-87DC-0FB929108862}
		{39D3F102-1C47-4D02-844B-2BBBDA184584} = {47E615C3-554B-410A-87DC-0FB929108862}
		{3CBEF353-B731-4152-A45A-D3E92DAB519A} = {47E615C3-554B-410A-87DC-0FB929108862}
		{CDDA9814-55E0-4987-81BF-2679E48D9E4F} = {5A0A043B-28F3-2FBA-5C15-D2707F33C959}
		{47205BF9-463D-45D4-8B40-907A5089F457} = {61F5399C-70BC-42D1-804B-2A14B9E60E07}
		{037DA9E6-727A-4DD1-B6EF-53E926876BBF} = {61F5399C-70BC-42D1-804B-2A14B9E60E07}
		{4BCE4A2A-1690-4246-9F64-8D03BAA99A7A} = {61F5399C-70BC-42D1-804B-2A14B9E60E07}
		{A0341890-0FA6-49C8-8485-0D3DA96AFB0A} = {61F5399C-70BC-42D1-804B-2A14B9E60E07}
		{0DD26345-907F-4B94-9EE6-CBEF171455D0} = {2221E512-0AE0-4121-8FB9-6DF340EABED6}
		{0750CCB8-B476-459F-8F1E-A87781D70186} = {2221E512-0AE0-4121-8FB9-6DF340EABED6}
		{6099A2A4-3B63-44CE-8ADD-DABEDCBCACC1} = {7C103FD8-D4D3-4876-948E-C6B5CB818BCE}
	EndGlobalSection
	GlobalSection(ExtensibilityGlobals) = postSolution
		SolutionGuid = {2444D085-5271-4613-954A-F531C7751368}
	EndGlobalSection
EndGlobal
