Microsoft Visual Studio Solution File, Format Version 12.00
# Visual Studio Version 17
VisualStudioVersion = 17.5.2.0
MinimumVisualStudioVersion = 10.0.40219.1
Project("{FAE04EC0-301F-11D3-BF4B-00C04F79EFBC}") = "CsvPaser", "CsvPaser\CsvPaser.csproj", "{08A810F5-9C0F-1088-DBCA-E03A4F3F2C2C}"
EndProject
Global
	GlobalSection(SolutionConfigurationPlatforms) = preSolution
		Debug|Any CPU = Debug|Any CPU
		Release|Any CPU = Release|Any CPU
	EndGlobalSection
	GlobalSection(ProjectConfigurationPlatforms) = postSolution
		{08A810F5-9C0F-1088-DBCA-E03A4F3F2C2C}.Debug|Any CPU.ActiveCfg = Debug|Any CPU
		{08A810F5-9C0F-1088-DBCA-E03A4F3F2C2C}.Debug|Any CPU.Build.0 = Debug|Any CPU
		{08A810F5-9C0F-1088-DBCA-E03A4F3F2C2C}.Release|Any CPU.ActiveCfg = Release|Any CPU
		{08A810F5-9C0F-1088-DBCA-E03A4F3F2C2C}.Release|Any CPU.Build.0 = Release|Any CPU
	EndGlobalSection
	GlobalSection(SolutionProperties) = preSolution
		HideSolutionNode = FALSE
	EndGlobalSection
	GlobalSection(ExtensibilityGlobals) = postSolution
		SolutionGuid = {2444D085-5271-4613-954A-F531C7751368}
	EndGlobalSection
EndGlobal
